
Microsoft Visual Studio Solution File, Format Version 12.00
# Visual Studio Version 17
VisualStudioVersion = 17.5.33530.505
MinimumVisualStudioVersion = 10.0.40219.1
Project("{9A19103F-16F7-4668-BE54-9A1E7A4F7556}") = "ProjCrudSimples", "ProjCrudeSimples\ProjCrudSimples.csproj", "{9037A012-5BCC-43BB-AA6D-4E0AFB666433}"
EndProject
Global
	GlobalSection(SolutionConfigurationPlatforms) = preSolution
		Debug|Any CPU = Debug|Any CPU
		Release|Any CPU = Release|Any CPU
	EndGlobalSection
	GlobalSection(ProjectConfigurationPlatforms) = postSolution
		{9037A012-5BCC-43BB-AA6D-4E0AFB666433}.Debug|Any CPU.ActiveCfg = Debug|Any CPU
		{9037A012-5BCC-43BB-AA6D-4E0AFB666433}.Debug|Any CPU.Build.0 = Debug|Any CPU
		{9037A012-5BCC-43BB-AA6D-4E0AFB666433}.Release|Any CPU.ActiveCfg = Release|Any CPU
		{9037A012-5BCC-43BB-AA6D-4E0AFB666433}.Release|Any CPU.Build.0 = Release|Any CPU
	EndGlobalSection
	GlobalSection(SolutionProperties) = preSolution
		HideSolutionNode = FALSE
	EndGlobalSection
	GlobalSection(ExtensibilityGlobals) = postSolution
		SolutionGuid = {FC6B95D2-37E8-46A3-850B-684BD70A80D2}
	EndGlobalSection
EndGlobal
